# Generated by pub
# See https://dart.dev/tools/pub/glossary#lockfile
packages:
  archive:
    dependency: transitive
    description:
      name: archive
      sha256: "2fde1607386ab523f7a36bb3e7edb43bd58e6edaf2ffb29d8a6d578b297fdbbd"
      url: "https://pub.dev"
    source: hosted
    version: "4.0.7"
  async:
    dependency: transitive
    description:
      name: async
      sha256: "758e6d74e971c3e5aceb4110bfd6698efc7f501675bcfe0c775459a8140750eb"
      url: "https://pub.dev"
    source: hosted
    version: "2.13.0"
  boolean_selector:
    dependency: transitive
    description:
      name: boolean_selector
      sha256: "8aab1771e1243a5063b8b0ff68042d67334e3feab9e95b9490f9a6ebf73b42ea"
      url: "https://pub.dev"
    source: hosted
    version: "2.1.2"
  characters:
    dependency: transitive
    description:
      name: characters
      sha256: f71061c654a3380576a52b451dd5532377954cf9dbd272a78fc8479606670803
      url: "https://pub.dev"
    source: hosted
    version: "1.4.0"
  clock:
    dependency: transitive
    description:
      name: clock
      sha256: fddb70d9b5277016c77a80201021d40a2247104d9f4aa7bab7157b7e3f05b84b
      url: "https://pub.dev"
    source: hosted
    version: "1.1.2"
  collection:
    dependency: transitive
    description:
      name: collection
      sha256: "2f5709ae4d3d59dd8f7cd309b4e023046b57d8a6c82130785d2b0e5868084e76"
      url: "https://pub.dev"
    source: hosted
    version: "1.19.1"
  cross_file:
    dependency: transitive
    description:
      name: cross_file
      sha256: "7caf6a750a0c04effbb52a676dce9a4a592e10ad35c34d6d2d0e4811160d5670"
      url: "https://pub.dev"
    source: hosted
    version: "0.3.4+2"
  crypto:
    dependency: transitive
    description:
      name: crypto
      sha256: "1e445881f28f22d6140f181e07737b22f1e099a5e1ff94b0af2f9e4a463f4855"
      url: "https://pub.dev"
    source: hosted
    version: "3.0.6"
  cunning_document_scanner:
    dependency: "direct main"
    description:
      name: cunning_document_scanner
      sha256: bf590e8c8c8a4903ba7873c4f22b67e976604853f11065f594cb19b408bd25ef
      url: "https://pub.dev"
    source: hosted
    version: "1.2.3"
  cupertino_icons:
    dependency: "direct main"
    description:
      name: cupertino_icons
      sha256: ba631d1c7f7bef6b729a622b7b752645a2d076dba9976925b8f25725a30e1ee6
      url: "https://pub.dev"
    source: hosted
    version: "1.0.8"
  desktop_drop:
    dependency: "direct main"
    description:
      name: desktop_drop
      sha256: bd21017e0415632c85f6b813c846bc8c9811742507776dcf6abf91a14d946e98
      url: "https://pub.dev"
    source: hosted
    version: "0.6.0"
  device_info_plus:
    dependency: transitive
    description:
      name: device_info_plus
      sha256: "0c6396126421b590089447154c5f98a5de423b70cfb15b1578fd018843ee6f53"
      url: "https://pub.dev"
    source: hosted
    version: "11.4.0"
  device_info_plus_platform_interface:
    dependency: transitive
    description:
      name: device_info_plus_platform_interface
      sha256: "0b04e02b30791224b31969eb1b50d723498f402971bff3630bca2ba839bd1ed2"
      url: "https://pub.dev"
    source: hosted
    version: "7.0.2"
  dio:
    dependency: transitive
    description:
      name: dio
      sha256: "253a18bbd4851fecba42f7343a1df3a9a4c1d31a2c1b37e221086b4fa8c8dbc9"
      url: "https://pub.dev"
    source: hosted
    version: "5.8.0+1"
  dio_web_adapter:
    dependency: transitive
    description:
      name: dio_web_adapter
      sha256: "7586e476d70caecaf1686d21eee7247ea43ef5c345eab9e0cc3583ff13378d78"
      url: "https://pub.dev"
    source: hosted
    version: "2.1.1"
  fake_async:
    dependency: transitive
    description:
      name: fake_async
      sha256: "5368f224a74523e8d2e7399ea1638b37aecfca824a3cc4dfdf77bf1fa905ac44"
      url: "https://pub.dev"
    source: hosted
    version: "1.3.3"
  ffi:
    dependency: transitive
    description:
      name: ffi
      sha256: "289279317b4b16eb2bb7e271abccd4bf84ec9bdcbe999e278a94b804f5630418"
      url: "https://pub.dev"
    source: hosted
    version: "2.1.4"
  file:
    dependency: transitive
    description:
      name: file
      sha256: a3b4f84adafef897088c160faf7dfffb7696046cb13ae90b508c2cbc95d3b8d4
      url: "https://pub.dev"
    source: hosted
    version: "7.0.1"
  file_magic_number:
    dependency: "direct main"
    description:
      name: file_magic_number
      sha256: "3bb3756dd77d6043373c7ce4f08766786cca716a7594c0e8f075a7bc43f20dfc"
      url: "https://pub.dev"
    source: hosted
    version: "1.3.1"
  file_picker:
    dependency: "direct main"
    description:
      name: file_picker
      sha256: "77f8e81d22d2a07d0dee2c62e1dda71dc1da73bf43bb2d45af09727406167964"
      url: "https://pub.dev"
    source: hosted
    version: "10.1.9"
  file_selector_linux:
    dependency: transitive
    description:
      name: file_selector_linux
      sha256: "54cbbd957e1156d29548c7d9b9ec0c0ebb6de0a90452198683a7d23aed617a33"
      url: "https://pub.dev"
    source: hosted
    version: "0.9.3+2"
  file_selector_macos:
    dependency: transitive
    description:
      name: file_selector_macos
      sha256: "271ab9986df0c135d45c3cdb6bd0faa5db6f4976d3e4b437cf7d0f258d941bfc"
      url: "https://pub.dev"
    source: hosted
    version: "0.9.4+2"
  file_selector_platform_interface:
    dependency: transitive
    description:
      name: file_selector_platform_interface
      sha256: a3994c26f10378a039faa11de174d7b78eb8f79e4dd0af2a451410c1a5c3f66b
      url: "https://pub.dev"
    source: hosted
    version: "2.6.2"
  file_selector_windows:
    dependency: transitive
    description:
      name: file_selector_windows
      sha256: "320fcfb6f33caa90f0b58380489fc5ac05d99ee94b61aa96ec2bff0ba81d3c2b"
      url: "https://pub.dev"
    source: hosted
    version: "0.9.3+4"
  flutter:
    dependency: "direct main"
    description: flutter
    source: sdk
    version: "0.0.0"
  flutter_lints:
    dependency: "direct dev"
    description:
      name: flutter_lints
      sha256: "3105dc8492f6183fb076ccf1f351ac3d60564bff92e20bfc4af9cc1651f4e7e1"
      url: "https://pub.dev"
    source: hosted
    version: "6.0.0"
  flutter_localizations:
    dependency: "direct main"
    description: flutter
    source: sdk
    version: "0.0.0"
  flutter_plugin_android_lifecycle:
    dependency: transitive
    description:
      name: flutter_plugin_android_lifecycle
      sha256: f948e346c12f8d5480d2825e03de228d0eb8c3a737e4cdaa122267b89c022b5e
      url: "https://pub.dev"
    source: hosted
    version: "2.0.28"
  flutter_test:
    dependency: "direct dev"
    description: flutter
    source: sdk
    version: "0.0.0"
  flutter_web_plugins:
    dependency: transitive
    description: flutter
    source: sdk
    version: "0.0.0"
  get:
    dependency: "direct main"
    description:
      name: get
      sha256: c79eeb4339f1f3deffd9ec912f8a923834bec55f7b49c9e882b8fef2c139d425
      url: "https://pub.dev"
    source: hosted
    version: "4.7.2"
  http:
    dependency: transitive
    description:
      name: http
      sha256: "2c11f3f94c687ee9bad77c171151672986360b2b001d109814ee7140b2cf261b"
      url: "https://pub.dev"
    source: hosted
    version: "1.4.0"
  http_parser:
    dependency: transitive
    description:
      name: http_parser
      sha256: "178d74305e7866013777bab2c3d8726205dc5a4dd935297175b19a23a2e66571"
      url: "https://pub.dev"
    source: hosted
    version: "4.1.2"
  image_picker:
    dependency: "direct main"
    description:
      name: image_picker
      sha256: "021834d9c0c3de46bf0fe40341fa07168407f694d9b2bb18d532dc1261867f7a"
      url: "https://pub.dev"
    source: hosted
    version: "1.1.2"
  image_picker_android:
    dependency: transitive
    description:
      name: image_picker_android
      sha256: "317a5d961cec5b34e777b9252393f2afbd23084aa6e60fcf601dcf6341b9ebeb"
      url: "https://pub.dev"
    source: hosted
    version: "0.8.12+23"
  image_picker_for_web:
    dependency: transitive
    description:
      name: image_picker_for_web
      sha256: "717eb042ab08c40767684327be06a5d8dbb341fe791d514e4b92c7bbe1b7bb83"
      url: "https://pub.dev"
    source: hosted
    version: "3.0.6"
  image_picker_ios:
    dependency: transitive
    description:
      name: image_picker_ios
      sha256: "05da758e67bc7839e886b3959848aa6b44ff123ab4b28f67891008afe8ef9100"
      url: "https://pub.dev"
    source: hosted
    version: "0.8.12+2"
  image_picker_linux:
    dependency: transitive
    description:
      name: image_picker_linux
      sha256: "34a65f6740df08bbbeb0a1abd8e6d32107941fd4868f67a507b25601651022c9"
      url: "https://pub.dev"
    source: hosted
    version: "0.2.1+2"
  image_picker_macos:
    dependency: transitive
    description:
      name: image_picker_macos
      sha256: "1b90ebbd9dcf98fb6c1d01427e49a55bd96b5d67b8c67cf955d60a5de74207c1"
      url: "https://pub.dev"
    source: hosted
    version: "0.2.1+2"
  image_picker_platform_interface:
    dependency: transitive
    description:
      name: image_picker_platform_interface
      sha256: "886d57f0be73c4b140004e78b9f28a8914a09e50c2d816bdd0520051a71236a0"
      url: "https://pub.dev"
    source: hosted
    version: "2.10.1"
  image_picker_windows:
    dependency: transitive
    description:
      name: image_picker_windows
      sha256: "6ad07afc4eb1bc25f3a01084d28520496c4a3bb0cb13685435838167c9dcedeb"
      url: "https://pub.dev"
    source: hosted
    version: "0.2.1+1"
  intl:
    dependency: transitive
    description:
      name: intl
      sha256: "3df61194eb431efc39c4ceba583b95633a403f46c9fd341e550ce0bfa50e9aa5"
      url: "https://pub.dev"
    source: hosted
    version: "0.20.2"
  leak_tracker:
    dependency: transitive
    description:
      name: leak_tracker
      sha256: "6bb818ecbdffe216e81182c2f0714a2e62b593f4a4f13098713ff1685dfb6ab0"
      url: "https://pub.dev"
    source: hosted
    version: "10.0.9"
  leak_tracker_flutter_testing:
    dependency: transitive
    description:
      name: leak_tracker_flutter_testing
      sha256: f8b613e7e6a13ec79cfdc0e97638fddb3ab848452eff057653abd3edba760573
      url: "https://pub.dev"
    source: hosted
    version: "3.0.9"
  leak_tracker_testing:
    dependency: transitive
    description:
      name: leak_tracker_testing
      sha256: "6ba465d5d76e67ddf503e1161d1f4a6bc42306f9d66ca1e8f079a47290fb06d3"
      url: "https://pub.dev"
    source: hosted
    version: "3.0.1"
  lints:
    dependency: transitive
    description:
      name: lints
      sha256: a5e2b223cb7c9c8efdc663ef484fdd95bb243bff242ef5b13e26883547fce9a0
      url: "https://pub.dev"
    source: hosted
    version: "6.0.0"
  lottie:
    dependency: "direct main"
    description:
      name: lottie
      sha256: c5fa04a80a620066c15cf19cc44773e19e9b38e989ff23ea32e5903ef1015950
      url: "https://pub.dev"
    source: hosted
    version: "3.3.1"
  matcher:
    dependency: transitive
    description:
      name: matcher
      sha256: dc58c723c3c24bf8d3e2d3ad3f2f9d7bd9cf43ec6feaa64181775e60190153f2
      url: "https://pub.dev"
    source: hosted
    version: "0.12.17"
  material_color_utilities:
    dependency: transitive
    description:
      name: material_color_utilities
      sha256: f7142bb1154231d7ea5f96bc7bde4bda2a0945d2806bb11670e30b850d56bdec
      url: "https://pub.dev"
    source: hosted
    version: "0.11.1"
  meta:
    dependency: transitive
    description:
      name: meta
      sha256: e3641ec5d63ebf0d9b41bd43201a66e3fc79a65db5f61fc181f04cd27aab950c
      url: "https://pub.dev"
    source: hosted
    version: "1.16.0"
  mime:
    dependency: transitive
    description:
      name: mime
      sha256: "41a20518f0cb1256669420fdba0cd90d21561e560ac240f26ef8322e45bb7ed6"
      url: "https://pub.dev"
    source: hosted
    version: "2.0.0"
  open_file:
    dependency: "direct main"
    description:
      name: open_file
      sha256: d17e2bddf5b278cb2ae18393d0496aa4f162142ba97d1a9e0c30d476adf99c0e
      url: "https://pub.dev"
    source: hosted
    version: "3.5.10"
  open_file_android:
    dependency: transitive
    description:
      name: open_file_android
      sha256: "58141fcaece2f453a9684509a7275f231ac0e3d6ceb9a5e6de310a7dff9084aa"
      url: "https://pub.dev"
    source: hosted
    version: "1.0.6"
  open_file_ios:
    dependency: transitive
    description:
      name: open_file_ios
      sha256: "02996f01e5f6863832068e97f8f3a5ef9b613516db6897f373b43b79849e4d07"
      url: "https://pub.dev"
    source: hosted
    version: "1.0.3"
  open_file_linux:
    dependency: transitive
    description:
      name: open_file_linux
      sha256: d189f799eecbb139c97f8bc7d303f9e720954fa4e0fa1b0b7294767e5f2d7550
      url: "https://pub.dev"
    source: hosted
    version: "0.0.5"
  open_file_mac:
    dependency: transitive
    description:
      name: open_file_mac
      sha256: "1440b1e37ceb0642208cfeb2c659c6cda27b25187a90635c9d1acb7d0584d324"
      url: "https://pub.dev"
    source: hosted
    version: "1.0.3"
  open_file_platform_interface:
    dependency: transitive
    description:
      name: open_file_platform_interface
      sha256: "101b424ca359632699a7e1213e83d025722ab668b9fd1412338221bf9b0e5757"
      url: "https://pub.dev"
    source: hosted
    version: "1.0.3"
  open_file_web:
    dependency: transitive
    description:
      name: open_file_web
      sha256: e3dbc9584856283dcb30aef5720558b90f88036360bd078e494ab80a80130c4f
      url: "https://pub.dev"
    source: hosted
    version: "0.0.4"
  open_file_windows:
    dependency: transitive
    description:
      name: open_file_windows
      sha256: d26c31ddf935a94a1a3aa43a23f4fff8a5ff4eea395fe7a8cb819cf55431c875
      url: "https://pub.dev"
    source: hosted
    version: "0.0.3"
  path:
    dependency: "direct main"
    description:
      name: path
      sha256: "75cca69d1490965be98c73ceaea117e8a04dd21217b37b292c9ddbec0d955bc5"
      url: "https://pub.dev"
    source: hosted
    version: "1.9.1"
  path_provider:
    dependency: "direct main"
    description:
      name: path_provider
      sha256: "50c5dd5b6e1aaf6fb3a78b33f6aa3afca52bf903a8a5298f53101fdaee55bbcd"
      url: "https://pub.dev"
    source: hosted
    version: "2.1.5"
  path_provider_android:
    dependency: transitive
    description:
      name: path_provider_android
      sha256: d0d310befe2c8ab9e7f393288ccbb11b60c019c6b5afc21973eeee4dda2b35e9
      url: "https://pub.dev"
    source: hosted
    version: "2.2.17"
  path_provider_foundation:
    dependency: transitive
    description:
      name: path_provider_foundation
      sha256: "4843174df4d288f5e29185bd6e72a6fbdf5a4a4602717eed565497429f179942"
      url: "https://pub.dev"
    source: hosted
    version: "2.4.1"
  path_provider_linux:
    dependency: transitive
    description:
      name: path_provider_linux
      sha256: f7a1fe3a634fe7734c8d3f2766ad746ae2a2884abe22e241a8b301bf5cac3279
      url: "https://pub.dev"
    source: hosted
    version: "2.2.1"
  path_provider_platform_interface:
    dependency: transitive
    description:
      name: path_provider_platform_interface
      sha256: "88f5779f72ba699763fa3a3b06aa4bf6de76c8e5de842cf6f29e2e06476c2334"
      url: "https://pub.dev"
    source: hosted
    version: "2.1.2"
  path_provider_windows:
    dependency: transitive
    description:
      name: path_provider_windows
      sha256: bd6f00dbd873bfb70d0761682da2b3a2c2fccc2b9e84c495821639601d81afe7
      url: "https://pub.dev"
    source: hosted
    version: "2.3.0"
  pdf_combiner:
    dependency: "direct main"
    description:
      name: pdf_combiner
      sha256: f6d9f621d945789c1cff806eb2137ff68ebe4fc6db33c58de551cd5fdc531510
      url: "https://pub.dev"
    source: hosted
    version: "4.3.3"
  permission_handler:
    dependency: "direct main"
    description:
      name: permission_handler
      sha256: "59adad729136f01ea9e35a48f5d1395e25cba6cea552249ddbe9cf950f5d7849"
      url: "https://pub.dev"
    source: hosted
    version: "11.4.0"
  permission_handler_android:
    dependency: transitive
    description:
      name: permission_handler_android
      sha256: d3971dcdd76182a0c198c096b5db2f0884b0d4196723d21a866fc4cdea057ebc
      url: "https://pub.dev"
    source: hosted
    version: "12.1.0"
  permission_handler_apple:
    dependency: transitive
    description:
      name: permission_handler_apple
      sha256: f000131e755c54cf4d84a5d8bd6e4149e262cc31c5a8b1d698de1ac85fa41023
      url: "https://pub.dev"
    source: hosted
    version: "9.4.7"
  permission_handler_html:
    dependency: transitive
    description:
      name: permission_handler_html
      sha256: "38f000e83355abb3392140f6bc3030660cfaef189e1f87824facb76300b4ff24"
      url: "https://pub.dev"
    source: hosted
    version: "0.1.3+5"
  permission_handler_platform_interface:
    dependency: transitive
    description:
      name: permission_handler_platform_interface
      sha256: eb99b295153abce5d683cac8c02e22faab63e50679b937fa1bf67d58bb282878
      url: "https://pub.dev"
    source: hosted
    version: "4.3.0"
  permission_handler_windows:
    dependency: transitive
    description:
      name: permission_handler_windows
      sha256: "1a790728016f79a41216d88672dbc5df30e686e811ad4e698bfc51f76ad91f1e"
      url: "https://pub.dev"
    source: hosted
    version: "0.2.1"
  platform:
    dependency: transitive
    description:
      name: platform
      sha256: "5d6b1b0036a5f331ebc77c850ebc8506cbc1e9416c27e59b439f917a902a4984"
      url: "https://pub.dev"
    source: hosted
    version: "3.1.6"
  platform_detail:
    dependency: "direct main"
    description:
      name: platform_detail
      sha256: "54b49310ee8a56a465a5b7e2c1192a9d109bd4c94d9f2df5fbc8963eb13cc78c"
      url: "https://pub.dev"
    source: hosted
    version: "5.1.0"
  plugin_platform_interface:
    dependency: transitive
    description:
      name: plugin_platform_interface
      sha256: "4820fbfdb9478b1ebae27888254d445073732dae3d6ea81f0b7e06d5dedc3f02"
      url: "https://pub.dev"
    source: hosted
    version: "2.1.8"
  posix:
    dependency: transitive
    description:
      name: posix
      sha256: f0d7856b6ca1887cfa6d1d394056a296ae33489db914e365e2044fdada449e62
      url: "https://pub.dev"
    source: hosted
    version: "6.0.2"
  sky_engine:
    dependency: transitive
    description: flutter
    source: sdk
    version: "0.0.0"
  source_span:
    dependency: transitive
    description:
      name: source_span
      sha256: "254ee5351d6cb365c859e20ee823c3bb479bf4a293c22d17a9f1bf144ce86f7c"
      url: "https://pub.dev"
    source: hosted
    version: "1.10.1"
  stack_trace:
    dependency: transitive
    description:
      name: stack_trace
      sha256: "8b27215b45d22309b5cddda1aa2b19bdfec9df0e765f2de506401c071d38d1b1"
      url: "https://pub.dev"
    source: hosted
    version: "1.12.1"
  stream_channel:
    dependency: transitive
    description:
      name: stream_channel
      sha256: "969e04c80b8bcdf826f8f16579c7b14d780458bd97f56d107d3950fdbeef059d"
      url: "https://pub.dev"
    source: hosted
    version: "2.1.4"
  string_scanner:
    dependency: transitive
    description:
      name: string_scanner
      sha256: "921cd31725b72fe181906c6a94d987c78e3b98c2e205b397ea399d4054872b43"
      url: "https://pub.dev"
    source: hosted
    version: "1.4.1"
  term_glyph:
    dependency: transitive
    description:
      name: term_glyph
      sha256: "7f554798625ea768a7518313e58f83891c7f5024f88e46e7182a4558850a4b8e"
      url: "https://pub.dev"
    source: hosted
    version: "1.2.2"
  test_api:
    dependency: transitive
    description:
      name: test_api
      sha256: fb31f383e2ee25fbbfe06b40fe21e1e458d14080e3c67e7ba0acfde4df4e0bbd
      url: "https://pub.dev"
    source: hosted
    version: "0.7.4"
  typed_data:
    dependency: transitive
    description:
      name: typed_data
      sha256: f9049c039ebfeb4cf7a7104a675823cd72dba8297f264b6637062516699fa006
      url: "https://pub.dev"
    source: hosted
    version: "1.4.0"
  universal_platform:
    dependency: transitive
    description:
      name: universal_platform
      sha256: "64e16458a0ea9b99260ceb5467a214c1f298d647c659af1bff6d3bf82536b1ec"
      url: "https://pub.dev"
    source: hosted
    version: "1.1.0"
  vector_math:
    dependency: transitive
    description:
      name: vector_math
      sha256: "80b3257d1492ce4d091729e3a67a60407d227c27241d6927be0130c98e741803"
      url: "https://pub.dev"
    source: hosted
    version: "2.1.4"
  vm_service:
    dependency: transitive
    description:
      name: vm_service
      sha256: ddfa8d30d89985b96407efce8acbdd124701f96741f2d981ca860662f1c0dc02
      url: "https://pub.dev"
    source: hosted
    version: "15.0.0"
  web:
    dependency: transitive
    description:
      name: web
      sha256: "868d88a33d8a87b18ffc05f9f030ba328ffefba92d6c127917a2ba740f9cfe4a"
      url: "https://pub.dev"
    source: hosted
    version: "1.1.1"
  win32:
    dependency: transitive
    description:
      name: win32
      sha256: "329edf97fdd893e0f1e3b9e88d6a0e627128cc17cc316a8d67fda8f1451178ba"
      url: "https://pub.dev"
    source: hosted
    version: "5.13.0"
  win32_registry:
    dependency: transitive
    description:
      name: win32_registry
      sha256: "6f1b564492d0147b330dd794fee8f512cec4977957f310f9951b5f9d83618dae"
      url: "https://pub.dev"
    source: hosted
    version: "2.1.0"
  xdg_directories:
    dependency: transitive
    description:
      name: xdg_directories
      sha256: "7a3f37b05d989967cdddcbb571f1ea834867ae2faa29725fd085180e0883aa15"
      url: "https://pub.dev"
    source: hosted
    version: "1.1.0"
sdks:
  dart: ">=3.7.2 <4.0.0"
  flutter: ">=3.27.0"
